
Microsoft Visual Studio Solution File, Format Version 12.00
# Visual Studio Version 16
VisualStudioVersion = 16.0.30524.135
MinimumVisualStudioVersion = 10.0.40219.1
Project("{FAE04EC0-301F-11D3-BF4B-00C04F79EFBC}") = "Carsharing", "Carsharing\Carsharing.csproj", "{EF157B6B-F9EA-4E24-B319-0506F4D01167}"
EndProject
Global
	GlobalSection(SolutionConfigurationPlatforms) = preSolution
		Debug|Any CPU = Debug|Any CPU
		Release|Any CPU = Release|Any CPU
	EndGlobalSection
	GlobalSection(ProjectConfigurationPlatforms) = postSolution
		{EF157B6B-F9EA-4E24-B319-0506F4D01167}.Debug|Any CPU.ActiveCfg = Debug|Any CPU
		{EF157B6B-F9EA-4E24-B319-0506F4D01167}.Debug|Any CPU.Build.0 = Debug|Any CPU
		{EF157B6B-F9EA-4E24-B319-0506F4D01167}.Release|Any CPU.ActiveCfg = Release|Any CPU
		{EF157B6B-F9EA-4E24-B319-0506F4D01167}.Release|Any CPU.Build.0 = Release|Any CPU
	EndGlobalSection
	GlobalSection(SolutionProperties) = preSolution
		HideSolutionNode = FALSE
	EndGlobalSection
	GlobalSection(ExtensibilityGlobals) = postSolution
		SolutionGuid = {94374823-8597-4F97-8B05-97D3A2201CD5}
	EndGlobalSection
EndGlobal
